
Microsoft Visual Studio Solution File, Format Version 12.00
# Visual Studio 15
VisualStudioVersion = 15.0.26228.4
MinimumVisualStudioVersion = 10.0.40219.1
Project("{2150E333-8FDC-42A3-9474-1A3956D46DE8}") = "src", "src", "{894D56F3-19FB-482B-AC2C-17BE723095B8}"
EndProject
Project("{2150E333-8FDC-42A3-9474-1A3956D46DE8}") = "Solution Items", "Solution Items", "{ABE22B06-4770-4AF4-8879-FD1B30862A96}"
EndProject
Project("{2150E333-8FDC-42A3-9474-1A3956D46DE8}") = "test", "test", "{8C152CE0-8D36-4620-A828-E08652234ADA}"
EndProject
Project("{9A19103F-16F7-4668-BE54-9A1E7A4F7556}") = "Measurements", "src\Measurements\Measurements.csproj", "{49771AF7-D6DC-4E0F-B0CB-C6A9631AE3A3}"
EndProject
Project("{9A19103F-16F7-4668-BE54-9A1E7A4F7556}") = "UnitTests", "test\UnitTests\UnitTests.csproj", "{7973D9C7-16DE-4328-81C7-A79047EF3120}"
EndProject
Global
	GlobalSection(SolutionConfigurationPlatforms) = preSolution
		Debug|Any CPU = Debug|Any CPU
		Release|Any CPU = Release|Any CPU
	EndGlobalSection
	GlobalSection(ProjectConfigurationPlatforms) = postSolution
		{49771AF7-D6DC-4E0F-B0CB-C6A9631AE3A3}.Debug|Any CPU.ActiveCfg = Debug|Any CPU
		{49771AF7-D6DC-4E0F-B0CB-C6A9631AE3A3}.Debug|Any CPU.Build.0 = Debug|Any CPU
		{49771AF7-D6DC-4E0F-B0CB-C6A9631AE3A3}.Release|Any CPU.ActiveCfg = Release|Any CPU
		{49771AF7-D6DC-4E0F-B0CB-C6A9631AE3A3}.Release|Any CPU.Build.0 = Release|Any CPU
		{7973D9C7-16DE-4328-81C7-A79047EF3120}.Debug|Any CPU.ActiveCfg = Debug|Any CPU
		{7973D9C7-16DE-4328-81C7-A79047EF3120}.Debug|Any CPU.Build.0 = Debug|Any CPU
		{7973D9C7-16DE-4328-81C7-A79047EF3120}.Release|Any CPU.ActiveCfg = Release|Any CPU
		{7973D9C7-16DE-4328-81C7-A79047EF3120}.Release|Any CPU.Build.0 = Release|Any CPU
	EndGlobalSection
	GlobalSection(SolutionProperties) = preSolution
		HideSolutionNode = FALSE
	EndGlobalSection
	GlobalSection(NestedProjects) = preSolution
		{49771AF7-D6DC-4E0F-B0CB-C6A9631AE3A3} = {894D56F3-19FB-482B-AC2C-17BE723095B8}
		{7973D9C7-16DE-4328-81C7-A79047EF3120} = {8C152CE0-8D36-4620-A828-E08652234ADA}
	EndGlobalSection
EndGlobal
