
Microsoft Visual Studio Solution File, Format Version 12.00
# Visual Studio 15
VisualStudioVersion = 15.0.26228.4
MinimumVisualStudioVersion = 10.0.40219.1
Project("{9A19103F-16F7-4668-BE54-9A1E7A4F7556}") = "Savage.Measurements", "Savage.Measurements\Savage.Measurements.csproj", "{49771AF7-D6DC-4E0F-B0CB-C6A9631AE3A3}"
EndProject
Project("{9A19103F-16F7-4668-BE54-9A1E7A4F7556}") = "Savage.Measurements.UnitTests", "Savage.Measurements.UnitTests\Savage.Measurements.UnitTests.csproj", "{7973D9C7-16DE-4328-81C7-A79047EF3120}"
EndProject
Global
	GlobalSection(SolutionConfigurationPlatforms) = preSolution
		Debug|Any CPU = Debug|Any CPU
		Release|Any CPU = Release|Any CPU
	EndGlobalSection
	GlobalSection(ProjectConfigurationPlatforms) = postSolution
		{49771AF7-D6DC-4E0F-B0CB-C6A9631AE3A3}.Debug|Any CPU.ActiveCfg = Debug|Any CPU
		{49771AF7-D6DC-4E0F-B0CB-C6A9631AE3A3}.Debug|Any CPU.Build.0 = Debug|Any CPU
		{49771AF7-D6DC-4E0F-B0CB-C6A9631AE3A3}.Release|Any CPU.ActiveCfg = Release|Any CPU
		{49771AF7-D6DC-4E0F-B0CB-C6A9631AE3A3}.Release|Any CPU.Build.0 = Release|Any CPU
		{7973D9C7-16DE-4328-81C7-A79047EF3120}.Debug|Any CPU.ActiveCfg = Debug|Any CPU
		{7973D9C7-16DE-4328-81C7-A79047EF3120}.Debug|Any CPU.Build.0 = Debug|Any CPU
		{7973D9C7-16DE-4328-81C7-A79047EF3120}.Release|Any CPU.ActiveCfg = Release|Any CPU
		{7973D9C7-16DE-4328-81C7-A79047EF3120}.Release|Any CPU.Build.0 = Release|Any CPU
	EndGlobalSection
	GlobalSection(SolutionProperties) = preSolution
		HideSolutionNode = FALSE
	EndGlobalSection
EndGlobal
